// !$*UTF8*$!
{
	archiveVersion = 1;
	classes = {
	};
	objectVersion = 56;
	objects = {

/* Begin PBXBuildFile section */
		311B55D329D53DE70079A6AB /* ChecklistDataModel.swift in Sources */ = {isa = PBXBuildFile; fileRef = 311B55D229D53DE70079A6AB /* ChecklistDataModel.swift */; };
		31AAB02929CD804300B86A51 /* AssignmentTwoApp.swift in Sources */ = {isa = PBXBuildFile; fileRef = 31AAB02829CD804300B86A51 /* AssignmentTwoApp.swift */; };
		31AAB02B29CD804300B86A51 /* ContentView.swift in Sources */ = {isa = PBXBuildFile; fileRef = 31AAB02A29CD804300B86A51 /* ContentView.swift */; };
		31AAB02D29CD804600B86A51 /* Assets.xcassets in Resources */ = {isa = PBXBuildFile; fileRef = 31AAB02C29CD804600B86A51 /* Assets.xcassets */; };
		31AAB03029CD804600B86A51 /* Preview Assets.xcassets in Resources */ = {isa = PBXBuildFile; fileRef = 31AAB02F29CD804600B86A51 /* Preview Assets.xcassets */; };
		31AAB03A29CD804600B86A51 /* AssignmentTwoTests.swift in Sources */ = {isa = PBXBuildFile; fileRef = 31AAB03929CD804600B86A51 /* AssignmentTwoTests.swift */; };
		31AAB04429CD804600B86A51 /* AssignmentTwoUITests.swift in Sources */ = {isa = PBXBuildFile; fileRef = 31AAB04329CD804600B86A51 /* AssignmentTwoUITests.swift */; };
		31AAB04629CD804600B86A51 /* AssignmentTwoUITestsLaunchTests.swift in Sources */ = {isa = PBXBuildFile; fileRef = 31AAB04529CD804600B86A51 /* AssignmentTwoUITestsLaunchTests.swift */; };
		31AAB05329CD80E700B86A51 /* DetailView.swift in Sources */ = {isa = PBXBuildFile; fileRef = 31AAB05229CD80E700B86A51 /* DetailView.swift */; };
		31AAB05729CD848200B86A51 /* TitleView.swift in Sources */ = {isa = PBXBuildFile; fileRef = 31AAB05629CD848200B86A51 /* TitleView.swift */; };
/* End PBXBuildFile section */

/* Begin PBXContainerItemProxy section */
		31AAB03629CD804600B86A51 /* PBXContainerItemProxy */ = {
			isa = PBXContainerItemProxy;
			containerPortal = 31AAB01D29CD804300B86A51 /* Project object */;
			proxyType = 1;
			remoteGlobalIDString = 31AAB02429CD804300B86A51;
			remoteInfo = AssignmentTwo;
		};
		31AAB04029CD804600B86A51 /* PBXContainerItemProxy */ = {
			isa = PBXContainerItemProxy;
			containerPortal = 31AAB01D29CD804300B86A51 /* Project object */;
			proxyType = 1;
			remoteGlobalIDString = 31AAB02429CD804300B86A51;
			remoteInfo = AssignmentTwo;
		};
/* End PBXContainerItemProxy section */

/* Begin PBXFileReference section */
		311B55D229D53DE70079A6AB /* ChecklistDataModel.swift */ = {isa = PBXFileReference; lastKnownFileType = sourcecode.swift; path = ChecklistDataModel.swift; sourceTree = "<group>"; };
		31AAB02529CD804300B86A51 /* AssignmentTwo.app */ = {isa = PBXFileReference; explicitFileType = wrapper.application; includeInIndex = 0; path = AssignmentTwo.app; sourceTree = BUILT_PRODUCTS_DIR; };
		31AAB02829CD804300B86A51 /* AssignmentTwoApp.swift */ = {isa = PBXFileReference; lastKnownFileType = sourcecode.swift; path = AssignmentTwoApp.swift; sourceTree = "<group>"; };
		31AAB02A29CD804300B86A51 /* ContentView.swift */ = {isa = PBXFileReference; lastKnownFileType = sourcecode.swift; path = ContentView.swift; sourceTree = "<group>"; };
		31AAB02C29CD804600B86A51 /* Assets.xcassets */ = {isa = PBXFileReference; lastKnownFileType = folder.assetcatalog; path = Assets.xcassets; sourceTree = "<group>"; };
		31AAB02F29CD804600B86A51 /* Preview Assets.xcassets */ = {isa = PBXFileReference; lastKnownFileType = folder.assetcatalog; path = "Preview Assets.xcassets"; sourceTree = "<group>"; };
		31AAB03529CD804600B86A51 /* AssignmentTwoTests.xctest */ = {isa = PBXFileReference; explicitFileType = wrapper.cfbundle; includeInIndex = 0; path = AssignmentTwoTests.xctest; sourceTree = BUILT_PRODUCTS_DIR; };
		31AAB03929CD804600B86A51 /* AssignmentTwoTests.swift */ = {isa = PBXFileReference; lastKnownFileType = sourcecode.swift; path = AssignmentTwoTests.swift; sourceTree = "<group>"; };
		31AAB03F29CD804600B86A51 /* AssignmentTwoUITests.xctest */ = {isa = PBXFileReference; explicitFileType = wrapper.cfbundle; includeInIndex = 0; path = AssignmentTwoUITests.xctest; sourceTree = BUILT_PRODUCTS_DIR; };
		31AAB04329CD804600B86A51 /* AssignmentTwoUITests.swift */ = {isa = PBXFileReference; lastKnownFileType = sourcecode.swift; path = AssignmentTwoUITests.swift; sourceTree = "<group>"; };
		31AAB04529CD804600B86A51 /* AssignmentTwoUITestsLaunchTests.swift */ = {isa = PBXFileReference; lastKnownFileType = sourcecode.swift; path = AssignmentTwoUITestsLaunchTests.swift; sourceTree = "<group>"; };
		31AAB05229CD80E700B86A51 /* DetailView.swift */ = {isa = PBXFileReference; lastKnownFileType = sourcecode.swift; path = DetailView.swift; sourceTree = "<group>"; };
		31AAB05629CD848200B86A51 /* TitleView.swift */ = {isa = PBXFileReference; lastKnownFileType = sourcecode.swift; path = TitleView.swift; sourceTree = "<group>"; };
/* End PBXFileReference section */

/* Begin PBXFrameworksBuildPhase section */
		31AAB02229CD804300B86A51 /* Frameworks */ = {
			isa = PBXFrameworksBuildPhase;
			buildActionMask = 2147483647;
			files = (
			);
			runOnlyForDeploymentPostprocessing = 0;
		};
		31AAB03229CD804600B86A51 /* Frameworks */ = {
			isa = PBXFrameworksBuildPhase;
			buildActionMask = 2147483647;
			files = (
			);
			runOnlyForDeploymentPostprocessing = 0;
		};
		31AAB03C29CD804600B86A51 /* Frameworks */ = {
			isa = PBXFrameworksBuildPhase;
			buildActionMask = 2147483647;
			files = (
			);
			runOnlyForDeploymentPostprocessing = 0;
		};
/* End PBXFrameworksBuildPhase section */

/* Begin PBXGroup section */
		31AAB01C29CD804300B86A51 = {
			isa = PBXGroup;
			children = (
				31AAB02729CD804300B86A51 /* AssignmentTwo */,
				31AAB03829CD804600B86A51 /* AssignmentTwoTests */,
				31AAB04229CD804600B86A51 /* AssignmentTwoUITests */,
				31AAB02629CD804300B86A51 /* Products */,
			);
			sourceTree = "<group>";
		};
		31AAB02629CD804300B86A51 /* Products */ = {
			isa = PBXGroup;
			children = (
				31AAB02529CD804300B86A51 /* AssignmentTwo.app */,
				31AAB03529CD804600B86A51 /* AssignmentTwoTests.xctest */,
				31AAB03F29CD804600B86A51 /* AssignmentTwoUITests.xctest */,
			);
			name = Products;
			sourceTree = "<group>";
		};
		31AAB02729CD804300B86A51 /* AssignmentTwo */ = {
			isa = PBXGroup;
			children = (
				31AAB02A29CD804300B86A51 /* ContentView.swift */,
				31AAB05629CD848200B86A51 /* TitleView.swift */,
				31AAB05229CD80E700B86A51 /* DetailView.swift */,
				31AAB02C29CD804600B86A51 /* Assets.xcassets */,
				311B55D229D53DE70079A6AB /* ChecklistDataModel.swift */,
				31AAB02829CD804300B86A51 /* AssignmentTwoApp.swift */,
				31AAB02E29CD804600B86A51 /* Preview Content */,
			);
			path = AssignmentTwo;
			sourceTree = "<group>";
		};
		31AAB02E29CD804600B86A51 /* Preview Content */ = {
			isa = PBXGroup;
			children = (
				31AAB02F29CD804600B86A51 /* Preview Assets.xcassets */,
			);
			path = "Preview Content";
			sourceTree = "<group>";
		};
		31AAB03829CD804600B86A51 /* AssignmentTwoTests */ = {
			isa = PBXGroup;
			children = (
				31AAB03929CD804600B86A51 /* AssignmentTwoTests.swift */,
			);
			path = AssignmentTwoTests;
			sourceTree = "<group>";
		};
		31AAB04229CD804600B86A51 /* AssignmentTwoUITests */ = {
			isa = PBXGroup;
			children = (
				31AAB04329CD804600B86A51 /* AssignmentTwoUITests.swift */,
				31AAB04529CD804600B86A51 /* AssignmentTwoUITestsLaunchTests.swift */,
			);
			path = AssignmentTwoUITests;
			sourceTree = "<group>";
		};
/* End PBXGroup section */

/* Begin PBXNativeTarget section */
		31AAB02429CD804300B86A51 /* AssignmentTwo */ = {
			isa = PBXNativeTarget;
			buildConfigurationList = 31AAB04929CD804600B86A51 /* Build configuration list for PBXNativeTarget "AssignmentTwo" */;
			buildPhases = (
				31AAB02129CD804300B86A51 /* Sources */,
				31AAB02229CD804300B86A51 /* Frameworks */,
				31AAB02329CD804300B86A51 /* Resources */,
			);
			buildRules = (
			);
			dependencies = (
			);
			name = AssignmentTwo;
			productName = AssignmentTwo;
			productReference = 31AAB02529CD804300B86A51 /* AssignmentTwo.app */;
			productType = "com.apple.product-type.application";
		};
		31AAB03429CD804600B86A51 /* AssignmentTwoTests */ = {
			isa = PBXNativeTarget;
			buildConfigurationList = 31AAB04C29CD804600B86A51 /* Build configuration list for PBXNativeTarget "AssignmentTwoTests" */;
			buildPhases = (
				31AAB03129CD804600B86A51 /* Sources */,
				31AAB03229CD804600B86A51 /* Frameworks */,
				31AAB03329CD804600B86A51 /* Resources */,
			);
			buildRules = (
			);
			dependencies = (
				31AAB03729CD804600B86A51 /* PBXTargetDependency */,
			);
			name = AssignmentTwoTests;
			productName = AssignmentTwoTests;
			productReference = 31AAB03529CD804600B86A51 /* AssignmentTwoTests.xctest */;
			productType = "com.apple.product-type.bundle.unit-test";
		};
		31AAB03E29CD804600B86A51 /* AssignmentTwoUITests */ = {
			isa = PBXNativeTarget;
			buildConfigurationList = 31AAB04F29CD804600B86A51 /* Build configuration list for PBXNativeTarget "AssignmentTwoUITests" */;
			buildPhases = (
				31AAB03B29CD804600B86A51 /* Sources */,
				31AAB03C29CD804600B86A51 /* Frameworks */,
				31AAB03D29CD804600B86A51 /* Resources */,
			);
			buildRules = (
			);
			dependencies = (
				31AAB04129CD804600B86A51 /* PBXTargetDependency */,
			);
			name = AssignmentTwoUITests;
			productName = AssignmentTwoUITests;
			productReference = 31AAB03F29CD804600B86A51 /* AssignmentTwoUITests.xctest */;
			productType = "com.apple.product-type.bundle.ui-testing";
		};
/* End PBXNativeTarget section */

/* Begin PBXProject section */
		31AAB01D29CD804300B86A51 /* Project object */ = {
			isa = PBXProject;
			attributes = {
				BuildIndependentTargetsInParallel = 1;
				LastSwiftUpdateCheck = 1420;
				LastUpgradeCheck = 1420;
				TargetAttributes = {
					31AAB02429CD804300B86A51 = {
						CreatedOnToolsVersion = 14.2;
					};
					31AAB03429CD804600B86A51 = {
						CreatedOnToolsVersion = 14.2;
						TestTargetID = 31AAB02429CD804300B86A51;
					};
					31AAB03E29CD804600B86A51 = {
						CreatedOnToolsVersion = 14.2;
						TestTargetID = 31AAB02429CD804300B86A51;
					};
				};
			};
			buildConfigurationList = 31AAB02029CD804300B86A51 /* Build configuration list for PBXProject "AssignmentTwo" */;
			compatibilityVersion = "Xcode 14.0";
			developmentRegion = en;
			hasScannedForEncodings = 0;
			knownRegions = (
				en,
				Base,
			);
			mainGroup = 31AAB01C29CD804300B86A51;
			productRefGroup = 31AAB02629CD804300B86A51 /* Products */;
			projectDirPath = "";
			projectRoot = "";
			targets = (
				31AAB02429CD804300B86A51 /* AssignmentTwo */,
				31AAB03429CD804600B86A51 /* AssignmentTwoTests */,
				31AAB03E29CD804600B86A51 /* AssignmentTwoUITests */,
			);
		};
/* End PBXProject section */

/* Begin PBXResourcesBuildPhase section */
		31AAB02329CD804300B86A51 /* Resources */ = {
			isa = PBXResourcesBuildPhase;
			buildActionMask = 2147483647;
			files = (
				31AAB03029CD804600B86A51 /* Preview Assets.xcassets in Resources */,
				31AAB02D29CD804600B86A51 /* Assets.xcassets in Resources */,
			);
			runOnlyForDeploymentPostprocessing = 0;
		};
		31AAB03329CD804600B86A51 /* Resources */ = {
			isa = PBXResourcesBuildPhase;
			buildActionMask = 2147483647;
			files = (
			);
			runOnlyForDeploymentPostprocessing = 0;
		};
		31AAB03D29CD804600B86A51 /* Resources */ = {
			isa = PBXResourcesBuildPhase;
			buildActionMask = 2147483647;
			files = (
			);
			runOnlyForDeploymentPostprocessing = 0;
		};
/* End PBXResourcesBuildPhase section */

/* Begin PBXSourcesBuildPhase section */
		31AAB02129CD804300B86A51 /* Sources */ = {
			isa = PBXSourcesBuildPhase;
			buildActionMask = 2147483647;
			files = (
				311B55D329D53DE70079A6AB /* ChecklistDataModel.swift in Sources */,
				31AAB02B29CD804300B86A51 /* ContentView.swift in Sources */,
				31AAB05329CD80E700B86A51 /* DetailView.swift in Sources */,
				31AAB02929CD804300B86A51 /* AssignmentTwoApp.swift in Sources */,
				31AAB05729CD848200B86A51 /* TitleView.swift in Sources */,
			);
			runOnlyForDeploymentPostprocessing = 0;
		};
		31AAB03129CD804600B86A51 /* Sources */ = {
			isa = PBXSourcesBuildPhase;
			buildActionMask = 2147483647;
			files = (
				31AAB03A29CD804600B86A51 /* AssignmentTwoTests.swift in Sources */,
			);
			runOnlyForDeploymentPostprocessing = 0;
		};
		31AAB03B29CD804600B86A51 /* Sources */ = {
			isa = PBXSourcesBuildPhase;
			buildActionMask = 2147483647;
			files = (
				31AAB04629CD804600B86A51 /* AssignmentTwoUITestsLaunchTests.swift in Sources */,
				31AAB04429CD804600B86A51 /* AssignmentTwoUITests.swift in Sources */,
			);
			runOnlyForDeploymentPostprocessing = 0;
		};
/* End PBXSourcesBuildPhase section */

/* Begin PBXTargetDependency section */
		31AAB03729CD804600B86A51 /* PBXTargetDependency */ = {
			isa = PBXTargetDependency;
			target = 31AAB02429CD804300B86A51 /* AssignmentTwo */;
			targetProxy = 31AAB03629CD804600B86A51 /* PBXContainerItemProxy */;
		};
		31AAB04129CD804600B86A51 /* PBXTargetDependency */ = {
			isa = PBXTargetDependency;
			target = 31AAB02429CD804300B86A51 /* AssignmentTwo */;
			targetProxy = 31AAB04029CD804600B86A51 /* PBXContainerItemProxy */;
		};
/* End PBXTargetDependency section */

/* Begin XCBuildConfiguration section */
		31AAB04729CD804600B86A51 /* Debug */ = {
			isa = XCBuildConfiguration;
			buildSettings = {
				ALWAYS_SEARCH_USER_PATHS = NO;
				CLANG_ANALYZER_NONNULL = YES;
				CLANG_ANALYZER_NUMBER_OBJECT_CONVERSION = YES_AGGRESSIVE;
				CLANG_CXX_LANGUAGE_STANDARD = "gnu++20";
				CLANG_ENABLE_MODULES = YES;
				CLANG_ENABLE_OBJC_ARC = YES;
				CLANG_ENABLE_OBJC_WEAK = YES;
				CLANG_WARN_BLOCK_CAPTURE_AUTORELEASING = YES;
				CLANG_WARN_BOOL_CONVERSION = YES;
				CLANG_WARN_COMMA = YES;
				CLANG_WARN_CONSTANT_CONVERSION = YES;
				CLANG_WARN_DEPRECATED_OBJC_IMPLEMENTATIONS = YES;
				CLANG_WARN_DIRECT_OBJC_ISA_USAGE = YES_ERROR;
				CLANG_WARN_DOCUMENTATION_COMMENTS = YES;
				CLANG_WARN_EMPTY_BODY = YES;
				CLANG_WARN_ENUM_CONVERSION = YES;
				CLANG_WARN_INFINITE_RECURSION = YES;
				CLANG_WARN_INT_CONVERSION = YES;
				CLANG_WARN_NON_LITERAL_NULL_CONVERSION = YES;
				CLANG_WARN_OBJC_IMPLICIT_RETAIN_SELF = YES;
				CLANG_WARN_OBJC_LITERAL_CONVERSION = YES;
				CLANG_WARN_OBJC_ROOT_CLASS = YES_ERROR;
				CLANG_WARN_QUOTED_INCLUDE_IN_FRAMEWORK_HEADER = YES;
				CLANG_WARN_RANGE_LOOP_ANALYSIS = YES;
				CLANG_WARN_STRICT_PROTOTYPES = YES;
				CLANG_WARN_SUSPICIOUS_MOVE = YES;
				CLANG_WARN_UNGUARDED_AVAILABILITY = YES_AGGRESSIVE;
				CLANG_WARN_UNREACHABLE_CODE = YES;
				CLANG_WARN__DUPLICATE_METHOD_MATCH = YES;
				COPY_PHASE_STRIP = NO;
				DEBUG_INFORMATION_FORMAT = dwarf;
				ENABLE_STRICT_OBJC_MSGSEND = YES;
				ENABLE_TESTABILITY = YES;
				GCC_C_LANGUAGE_STANDARD = gnu11;
				GCC_DYNAMIC_NO_PIC = NO;
				GCC_NO_COMMON_BLOCKS = YES;
				GCC_OPTIMIZATION_LEVEL = 0;
				GCC_PREPROCESSOR_DEFINITIONS = (
					"DEBUG=1",
					"$(inherited)",
				);
				GCC_WARN_64_TO_32_BIT_CONVERSION = YES;
				GCC_WARN_ABOUT_RETURN_TYPE = YES_ERROR;
				GCC_WARN_UNDECLARED_SELECTOR = YES;
				GCC_WARN_UNINITIALIZED_AUTOS = YES_AGGRESSIVE;
				GCC_WARN_UNUSED_FUNCTION = YES;
				GCC_WARN_UNUSED_VARIABLE = YES;
				IPHONEOS_DEPLOYMENT_TARGET = 16.2;
				MTL_ENABLE_DEBUG_INFO = INCLUDE_SOURCE;
				MTL_FAST_MATH = YES;
				ONLY_ACTIVE_ARCH = YES;
				SDKROOT = iphoneos;
				SWIFT_ACTIVE_COMPILATION_CONDITIONS = DEBUG;
				SWIFT_OPTIMIZATION_LEVEL = "-Onone";
			};
			name = Debug;
		};
		31AAB04829CD804600B86A51 /* Release */ = {
			isa = XCBuildConfiguration;
			buildSettings = {
				ALWAYS_SEARCH_USER_PATHS = NO;
				CLANG_ANALYZER_NONNULL = YES;
				CLANG_ANALYZER_NUMBER_OBJECT_CONVERSION = YES_AGGRESSIVE;
				CLANG_CXX_LANGUAGE_STANDARD = "gnu++20";
				CLANG_ENABLE_MODULES = YES;
				CLANG_ENABLE_OBJC_ARC = YES;
				CLANG_ENABLE_OBJC_WEAK = YES;
				CLANG_WARN_BLOCK_CAPTURE_AUTORELEASING = YES;
				CLANG_WARN_BOOL_CONVERSION = YES;
				CLANG_WARN_COMMA = YES;
				CLANG_WARN_CONSTANT_CONVERSION = YES;
				CLANG_WARN_DEPRECATED_OBJC_IMPLEMENTATIONS = YES;
				CLANG_WARN_DIRECT_OBJC_ISA_USAGE = YES_ERROR;
				CLANG_WARN_DOCUMENTATION_COMMENTS = YES;
				CLANG_WARN_EMPTY_BODY = YES;
				CLANG_WARN_ENUM_CONVERSION = YES;
				CLANG_WARN_INFINITE_RECURSION = YES;
				CLANG_WARN_INT_CONVERSION = YES;
				CLANG_WARN_NON_LITERAL_NULL_CONVERSION = YES;
				CLANG_WARN_OBJC_IMPLICIT_RETAIN_SELF = YES;
				CLANG_WARN_OBJC_LITERAL_CONVERSION = YES;
				CLANG_WARN_OBJC_ROOT_CLASS = YES_ERROR;
				CLANG_WARN_QUOTED_INCLUDE_IN_FRAMEWORK_HEADER = YES;
				CLANG_WARN_RANGE_LOOP_ANALYSIS = YES;
				CLANG_WARN_STRICT_PROTOTYPES = YES;
				CLANG_WARN_SUSPICIOUS_MOVE = YES;
				CLANG_WARN_UNGUARDED_AVAILABILITY = YES_AGGRESSIVE;
				CLANG_WARN_UNREACHABLE_CODE = YES;
				CLANG_WARN__DUPLICATE_METHOD_MATCH = YES;
				COPY_PHASE_STRIP = NO;
				DEBUG_INFORMATION_FORMAT = "dwarf-with-dsym";
				ENABLE_NS_ASSERTIONS = NO;
				ENABLE_STRICT_OBJC_MSGSEND = YES;
				GCC_C_LANGUAGE_STANDARD = gnu11;
				GCC_NO_COMMON_BLOCKS = YES;
				GCC_WARN_64_TO_32_BIT_CONVERSION = YES;
				GCC_WARN_ABOUT_RETURN_TYPE = YES_ERROR;
				GCC_WARN_UNDECLARED_SELECTOR = YES;
				GCC_WARN_UNINITIALIZED_AUTOS = YES_AGGRESSIVE;
				GCC_WARN_UNUSED_FUNCTION = YES;
				GCC_WARN_UNUSED_VARIABLE = YES;
				IPHONEOS_DEPLOYMENT_TARGET = 16.2;
				MTL_ENABLE_DEBUG_INFO = NO;
				MTL_FAST_MATH = YES;
				SDKROOT = iphoneos;
				SWIFT_COMPILATION_MODE = wholemodule;
				SWIFT_OPTIMIZATION_LEVEL = "-O";
				VALIDATE_PRODUCT = YES;
			};
			name = Release;
		};
		31AAB04A29CD804600B86A51 /* Debug */ = {
			isa = XCBuildConfiguration;
			buildSettings = {
				ASSETCATALOG_COMPILER_APPICON_NAME = AppIcon;
				ASSETCATALOG_COMPILER_GLOBAL_ACCENT_COLOR_NAME = AccentColor;
				CODE_SIGN_STYLE = Automatic;
				CURRENT_PROJECT_VERSION = 1;
				DEVELOPMENT_ASSET_PATHS = "\"AssignmentTwo/Preview Content\"";
				DEVELOPMENT_TEAM = YN4M4C7LS6;
				ENABLE_PREVIEWS = YES;
				GENERATE_INFOPLIST_FILE = YES;
				INFOPLIST_KEY_UIApplicationSceneManifest_Generation = YES;
				INFOPLIST_KEY_UIApplicationSupportsIndirectInputEvents = YES;
				INFOPLIST_KEY_UILaunchScreen_Generation = YES;
				INFOPLIST_KEY_UISupportedInterfaceOrientations_iPad = "UIInterfaceOrientationPortrait UIInterfaceOrientationPortraitUpsideDown UIInterfaceOrientationLandscapeLeft UIInterfaceOrientationLandscapeRight";
				INFOPLIST_KEY_UISupportedInterfaceOrientations_iPhone = "UIInterfaceOrientationPortrait UIInterfaceOrientationLandscapeLeft UIInterfaceOrientationLandscapeRight";
				LD_RUNPATH_SEARCH_PATHS = (
					"$(inherited)",
					"@executable_path/Frameworks",
				);
				MARKETING_VERSION = 1.0;
				PRODUCT_BUNDLE_IDENTIFIER = "Isaac-Pollack.AssignmentTwo";
				PRODUCT_NAME = "$(TARGET_NAME)";
				SWIFT_EMIT_LOC_STRINGS = YES;
				SWIFT_VERSION = 5.0;
				TARGETED_DEVICE_FAMILY = "1,2";
			};
			name = Debug;
		};
		31AAB04B29CD804600B86A51 /* Release */ = {
			isa = XCBuildConfiguration;
			buildSettings = {
				ASSETCATALOG_COMPILER_APPICON_NAME = AppIcon;
				ASSETCATALOG_COMPILER_GLOBAL_ACCENT_COLOR_NAME = AccentColor;
				CODE_SIGN_STYLE = Automatic;
				CURRENT_PROJECT_VERSION = 1;
				DEVELOPMENT_ASSET_PATHS = "\"AssignmentTwo/Preview Content\"";
				DEVELOPMENT_TEAM = YN4M4C7LS6;
				ENABLE_PREVIEWS = YES;
				GENERATE_INFOPLIST_FILE = YES;
				INFOPLIST_KEY_UIApplicationSceneManifest_Generation = YES;
				INFOPLIST_KEY_UIApplicationSupportsIndirectInputEvents = YES;
				INFOPLIST_KEY_UILaunchScreen_Generation = YES;
				INFOPLIST_KEY_UISupportedInterfaceOrientations_iPad = "UIInterfaceOrientationPortrait UIInterfaceOrientationPortraitUpsideDown UIInterfaceOrientationLandscapeLeft UIInterfaceOrientationLandscapeRight";
				INFOPLIST_KEY_UISupportedInterfaceOrientations_iPhone = "UIInterfaceOrientationPortrait UIInterfaceOrientationLandscapeLeft UIInterfaceOrientationLandscapeRight";
				LD_RUNPATH_SEARCH_PATHS = (
					"$(inherited)",
					"@executable_path/Frameworks",
				);
				MARKETING_VERSION = 1.0;
				PRODUCT_BUNDLE_IDENTIFIER = "Isaac-Pollack.AssignmentTwo";
				PRODUCT_NAME = "$(TARGET_NAME)";
				SWIFT_EMIT_LOC_STRINGS = YES;
				SWIFT_VERSION = 5.0;
				TARGETED_DEVICE_FAMILY = "1,2";
			};
			name = Release;
		};
		31AAB04D29CD804600B86A51 /* Debug */ = {
			isa = XCBuildConfiguration;
			buildSettings = {
				ALWAYS_EMBED_SWIFT_STANDARD_LIBRARIES = YES;
				BUNDLE_LOADER = "$(TEST_HOST)";
				CODE_SIGN_STYLE = Automatic;
				CURRENT_PROJECT_VERSION = 1;
				DEVELOPMENT_TEAM = YN4M4C7LS6;
				GENERATE_INFOPLIST_FILE = YES;
				IPHONEOS_DEPLOYMENT_TARGET = 16.2;
				MARKETING_VERSION = 1.0;
				PRODUCT_BUNDLE_IDENTIFIER = "Isaac-Pollack.AssignmentTwoTests";
				PRODUCT_NAME = "$(TARGET_NAME)";
				SWIFT_EMIT_LOC_STRINGS = NO;
				SWIFT_VERSION = 5.0;
				TARGETED_DEVICE_FAMILY = "1,2";
				TEST_HOST = "$(BUILT_PRODUCTS_DIR)/AssignmentTwo.app/$(BUNDLE_EXECUTABLE_FOLDER_PATH)/AssignmentTwo";
			};
			name = Debug;
		};
		31AAB04E29CD804600B86A51 /* Release */ = {
			isa = XCBuildConfiguration;
			buildSettings = {
				ALWAYS_EMBED_SWIFT_STANDARD_LIBRARIES = YES;
				BUNDLE_LOADER = "$(TEST_HOST)";
				CODE_SIGN_STYLE = Automatic;
				CURRENT_PROJECT_VERSION = 1;
				DEVELOPMENT_TEAM = YN4M4C7LS6;
				GENERATE_INFOPLIST_FILE = YES;
				IPHONEOS_DEPLOYMENT_TARGET = 16.2;
				MARKETING_VERSION = 1.0;
				PRODUCT_BUNDLE_IDENTIFIER = "Isaac-Pollack.AssignmentTwoTests";
				PRODUCT_NAME = "$(TARGET_NAME)";
				SWIFT_EMIT_LOC_STRINGS = NO;
				SWIFT_VERSION = 5.0;
				TARGETED_DEVICE_FAMILY = "1,2";
				TEST_HOST = "$(BUILT_PRODUCTS_DIR)/AssignmentTwo.app/$(BUNDLE_EXECUTABLE_FOLDER_PATH)/AssignmentTwo";
			};
			name = Release;
		};
		31AAB05029CD804600B86A51 /* Debug */ = {
			isa = XCBuildConfiguration;
			buildSettings = {
				ALWAYS_EMBED_SWIFT_STANDARD_LIBRARIES = YES;
				CODE_SIGN_STYLE = Automatic;
				CURRENT_PROJECT_VERSION = 1;
				DEVELOPMENT_TEAM = YN4M4C7LS6;
				GENERATE_INFOPLIST_FILE = YES;
				MARKETING_VERSION = 1.0;
				PRODUCT_BUNDLE_IDENTIFIER = "Isaac-Pollack.AssignmentTwoUITests";
				PRODUCT_NAME = "$(TARGET_NAME)";
				SWIFT_EMIT_LOC_STRINGS = NO;
				SWIFT_VERSION = 5.0;
				TARGETED_DEVICE_FAMILY = "1,2";
				TEST_TARGET_NAME = AssignmentTwo;
			};
			name = Debug;
		};
		31AAB05129CD804600B86A51 /* Release */ = {
			isa = XCBuildConfiguration;
			buildSettings = {
				ALWAYS_EMBED_SWIFT_STANDARD_LIBRARIES = YES;
				CODE_SIGN_STYLE = Automatic;
				CURRENT_PROJECT_VERSION = 1;
				DEVELOPMENT_TEAM = YN4M4C7LS6;
				GENERATE_INFOPLIST_FILE = YES;
				MARKETING_VERSION = 1.0;
				PRODUCT_BUNDLE_IDENTIFIER = "Isaac-Pollack.AssignmentTwoUITests";
				PRODUCT_NAME = "$(TARGET_NAME)";
				SWIFT_EMIT_LOC_STRINGS = NO;
				SWIFT_VERSION = 5.0;
				TARGETED_DEVICE_FAMILY = "1,2";
				TEST_TARGET_NAME = AssignmentTwo;
			};
			name = Release;
		};
/* End XCBuildConfiguration section */

/* Begin XCConfigurationList section */
		31AAB02029CD804300B86A51 /* Build configuration list for PBXProject "AssignmentTwo" */ = {
			isa = XCConfigurationList;
			buildConfigurations = (
				31AAB04729CD804600B86A51 /* Debug */,
				31AAB04829CD804600B86A51 /* Release */,
			);
			defaultConfigurationIsVisible = 0;
			defaultConfigurationName = Release;
		};
		31AAB04929CD804600B86A51 /* Build configuration list for PBXNativeTarget "AssignmentTwo" */ = {
			isa = XCConfigurationList;
			buildConfigurations = (
				31AAB04A29CD804600B86A51 /* Debug */,
				31AAB04B29CD804600B86A51 /* Release */,
			);
			defaultConfigurationIsVisible = 0;
			defaultConfigurationName = Release;
		};
		31AAB04C29CD804600B86A51 /* Build configuration list for PBXNativeTarget "AssignmentTwoTests" */ = {
			isa = XCConfigurationList;
			buildConfigurations = (
				31AAB04D29CD804600B86A51 /* Debug */,
				31AAB04E29CD804600B86A51 /* Release */,
			);
			defaultConfigurationIsVisible = 0;
			defaultConfigurationName = Release;
		};
		31AAB04F29CD804600B86A51 /* Build configuration list for PBXNativeTarget "AssignmentTwoUITests" */ = {
			isa = XCConfigurationList;
			buildConfigurations = (
				31AAB05029CD804600B86A51 /* Debug */,
				31AAB05129CD804600B86A51 /* Release */,
			);
			defaultConfigurationIsVisible = 0;
			defaultConfigurationName = Release;
		};
/* End XCConfigurationList section */
	};
	rootObject = 31AAB01D29CD804300B86A51 /* Project object */;
}
